
Microsoft Visual Studio Solution File, Format Version 12.00
# Visual Studio Version 17
VisualStudioVersion = 17.7.34221.43
MinimumVisualStudioVersion = 10.0.40219.1
Project("{9A19103F-16F7-4668-BE54-9A1E7A4F7556}") = "Hamsafar", "Hamsafar\Hamsafar.csproj", "{1926085B-25DD-462E-A2CE-30E963B19CB3}"
EndProject
Project("{9A19103F-16F7-4668-BE54-9A1E7A4F7556}") = "Hamsafar.Tests", "Hamsafar.Tests\Hamsafar.Tests.csproj", "{FFC28D20-B71F-4527-A50D-F3F56379B182}"
EndProject
Project("{2150E333-8FDC-42A3-9474-1A3956D46DE8}") = ".github", ".github", "{71C51836-68D5-4596-A170-FB4891012942}"
EndProject
Project("{2150E333-8FDC-42A3-9474-1A3956D46DE8}") = "workflows", "workflows", "{FD32ACE8-9A83-463D-A1B8-93C95E7A528F}"
	ProjectSection(SolutionItems) = preProject
		testting.yml = testting.yml
	EndProjectSection
EndProject
Global
	GlobalSection(SolutionConfigurationPlatforms) = preSolution
		Debug|Any CPU = Debug|Any CPU
		Release|Any CPU = Release|Any CPU
	EndGlobalSection
	GlobalSection(ProjectConfigurationPlatforms) = postSolution
		{1926085B-25DD-462E-A2CE-30E963B19CB3}.Debug|Any CPU.ActiveCfg = Debug|Any CPU
		{1926085B-25DD-462E-A2CE-30E963B19CB3}.Debug|Any CPU.Build.0 = Debug|Any CPU
		{1926085B-25DD-462E-A2CE-30E963B19CB3}.Release|Any CPU.ActiveCfg = Release|Any CPU
		{1926085B-25DD-462E-A2CE-30E963B19CB3}.Release|Any CPU.Build.0 = Release|Any CPU
		{FFC28D20-B71F-4527-A50D-F3F56379B182}.Debug|Any CPU.ActiveCfg = Debug|Any CPU
		{FFC28D20-B71F-4527-A50D-F3F56379B182}.Debug|Any CPU.Build.0 = Debug|Any CPU
		{FFC28D20-B71F-4527-A50D-F3F56379B182}.Release|Any CPU.ActiveCfg = Release|Any CPU
		{FFC28D20-B71F-4527-A50D-F3F56379B182}.Release|Any CPU.Build.0 = Release|Any CPU
	EndGlobalSection
	GlobalSection(SolutionProperties) = preSolution
		HideSolutionNode = FALSE
	EndGlobalSection
	GlobalSection(NestedProjects) = preSolution
		{FD32ACE8-9A83-463D-A1B8-93C95E7A528F} = {71C51836-68D5-4596-A170-FB4891012942}
	EndGlobalSection
	GlobalSection(ExtensibilityGlobals) = postSolution
		SolutionGuid = {7757824A-5FB2-4720-97DE-236B59E61333}
	EndGlobalSection
EndGlobal
